// !$*UTF8*$!
{
	archiveVersion = 1;
	classes = {
	};
	objectVersion = 46;
	objects = {

/* Begin PBXBuildFile section */
		01C43141180F29EC009C2B16 /* Foundation.framework in Frameworks */ = {isa = PBXBuildFile; fileRef = 01C43140180F29EC009C2B16 /* Foundation.framework */; };
		01C43143180F29EC009C2B16 /* CoreGraphics.framework in Frameworks */ = {isa = PBXBuildFile; fileRef = 01C43142180F29EC009C2B16 /* CoreGraphics.framework */; };
		01C43145180F29EC009C2B16 /* UIKit.framework in Frameworks */ = {isa = PBXBuildFile; fileRef = 01C43144180F29EC009C2B16 /* UIKit.framework */; };
		01C43147180F29EC009C2B16 /* CoreData.framework in Frameworks */ = {isa = PBXBuildFile; fileRef = 01C43146180F29EC009C2B16 /* CoreData.framework */; };
		01C4314D180F29EC009C2B16 /* InfoPlist.strings in Resources */ = {isa = PBXBuildFile; fileRef = 01C4314B180F29EC009C2B16 /* InfoPlist.strings */; };
		01C4314F180F29EC009C2B16 /* main.m in Sources */ = {isa = PBXBuildFile; fileRef = 01C4314E180F29EC009C2B16 /* main.m */; };
		01C43153180F29EC009C2B16 /* AppDelegate.m in Sources */ = {isa = PBXBuildFile; fileRef = 01C43152180F29EC009C2B16 /* AppDelegate.m */; };
		01C43156180F29EC009C2B16 /* Main_iPhone.storyboard in Resources */ = {isa = PBXBuildFile; fileRef = 01C43154180F29EC009C2B16 /* Main_iPhone.storyboard */; };
		01C43159180F29EC009C2B16 /* Main_iPad.storyboard in Resources */ = {isa = PBXBuildFile; fileRef = 01C43157180F29EC009C2B16 /* Main_iPad.storyboard */; };
		01C4315C180F29EC009C2B16 /* iDialjesus.xcdatamodeld in Sources */ = {isa = PBXBuildFile; fileRef = 01C4315A180F29EC009C2B16 /* iDialjesus.xcdatamodeld */; };
		01C4315F180F29EC009C2B16 /* MasterViewController.m in Sources */ = {isa = PBXBuildFile; fileRef = 01C4315E180F29EC009C2B16 /* MasterViewController.m */; };
		01C43162180F29EC009C2B16 /* DetailViewController.m in Sources */ = {isa = PBXBuildFile; fileRef = 01C43161180F29EC009C2B16 /* DetailViewController.m */; };
		01C43164180F29EC009C2B16 /* Images.xcassets in Resources */ = {isa = PBXBuildFile; fileRef = 01C43163180F29EC009C2B16 /* Images.xcassets */; };
		01C4316B180F29EC009C2B16 /* XCTest.framework in Frameworks */ = {isa = PBXBuildFile; fileRef = 01C4316A180F29EC009C2B16 /* XCTest.framework */; };
		01C4316C180F29EC009C2B16 /* Foundation.framework in Frameworks */ = {isa = PBXBuildFile; fileRef = 01C43140180F29EC009C2B16 /* Foundation.framework */; };
		01C4316D180F29EC009C2B16 /* UIKit.framework in Frameworks */ = {isa = PBXBuildFile; fileRef = 01C43144180F29EC009C2B16 /* UIKit.framework */; };
		01C4316E180F29EC009C2B16 /* CoreData.framework in Frameworks */ = {isa = PBXBuildFile; fileRef = 01C43146180F29EC009C2B16 /* CoreData.framework */; };
		01C43176180F29EC009C2B16 /* InfoPlist.strings in Resources */ = {isa = PBXBuildFile; fileRef = 01C43174180F29EC009C2B16 /* InfoPlist.strings */; };
		01C43178180F29EC009C2B16 /* iDialjesusTests.m in Sources */ = {isa = PBXBuildFile; fileRef = 01C43177180F29EC009C2B16 /* iDialjesusTests.m */; };
/* End PBXBuildFile section */

/* Begin PBXContainerItemProxy section */
		01C4316F180F29EC009C2B16 /* PBXContainerItemProxy */ = {
			isa = PBXContainerItemProxy;
			containerPortal = 01C43135180F29EC009C2B16 /* Project object */;
			proxyType = 1;
			remoteGlobalIDString = 01C4313C180F29EC009C2B16;
			remoteInfo = iDialjesus;
		};
/* End PBXContainerItemProxy section */

/* Begin PBXFileReference section */
		01C4313D180F29EC009C2B16 /* iDialjesus.app */ = {isa = PBXFileReference; explicitFileType = wrapper.application; includeInIndex = 0; path = iDialjesus.app; sourceTree = BUILT_PRODUCTS_DIR; };
		01C43140180F29EC009C2B16 /* Foundation.framework */ = {isa = PBXFileReference; lastKnownFileType = wrapper.framework; name = Foundation.framework; path = System/Library/Frameworks/Foundation.framework; sourceTree = SDKROOT; };
		01C43142180F29EC009C2B16 /* CoreGraphics.framework */ = {isa = PBXFileReference; lastKnownFileType = wrapper.framework; name = CoreGraphics.framework; path = System/Library/Frameworks/CoreGraphics.framework; sourceTree = SDKROOT; };
		01C43144180F29EC009C2B16 /* UIKit.framework */ = {isa = PBXFileReference; lastKnownFileType = wrapper.framework; name = UIKit.framework; path = System/Library/Frameworks/UIKit.framework; sourceTree = SDKROOT; };
		01C43146180F29EC009C2B16 /* CoreData.framework */ = {isa = PBXFileReference; lastKnownFileType = wrapper.framework; name = CoreData.framework; path = System/Library/Frameworks/CoreData.framework; sourceTree = SDKROOT; };
		01C4314A180F29EC009C2B16 /* iDialjesus-Info.plist */ = {isa = PBXFileReference; lastKnownFileType = text.plist.xml; path = "iDialjesus-Info.plist"; sourceTree = "<group>"; };
		01C4314C180F29EC009C2B16 /* en */ = {isa = PBXFileReference; lastKnownFileType = text.plist.strings; name = en; path = en.lproj/InfoPlist.strings; sourceTree = "<group>"; };
		01C4314E180F29EC009C2B16 /* main.m */ = {isa = PBXFileReference; lastKnownFileType = sourcecode.c.objc; path = main.m; sourceTree = "<group>"; };
		01C43150180F29EC009C2B16 /* iDialjesus-Prefix.pch */ = {isa = PBXFileReference; lastKnownFileType = sourcecode.c.h; path = "iDialjesus-Prefix.pch"; sourceTree = "<group>"; };
		01C43151180F29EC009C2B16 /* AppDelegate.h */ = {isa = PBXFileReference; lastKnownFileType = sourcecode.c.h; path = AppDelegate.h; sourceTree = "<group>"; };
		01C43152180F29EC009C2B16 /* AppDelegate.m */ = {isa = PBXFileReference; lastKnownFileType = sourcecode.c.objc; path = AppDelegate.m; sourceTree = "<group>"; };
		01C43155180F29EC009C2B16 /* Base */ = {isa = PBXFileReference; lastKnownFileType = file.storyboard; name = Base; path = Base.lproj/Main_iPhone.storyboard; sourceTree = "<group>"; };
		01C43158180F29EC009C2B16 /* Base */ = {isa = PBXFileReference; lastKnownFileType = file.storyboard; name = Base; path = Base.lproj/Main_iPad.storyboard; sourceTree = "<group>"; };
		01C4315B180F29EC009C2B16 /* iDialjesus.xcdatamodel */ = {isa = PBXFileReference; lastKnownFileType = wrapper.xcdatamodel; path = iDialjesus.xcdatamodel; sourceTree = "<group>"; };
		01C4315D180F29EC009C2B16 /* MasterViewController.h */ = {isa = PBXFileReference; lastKnownFileType = sourcecode.c.h; path = MasterViewController.h; sourceTree = "<group>"; };
		01C4315E180F29EC009C2B16 /* MasterViewController.m */ = {isa = PBXFileReference; lastKnownFileType = sourcecode.c.objc; path = MasterViewController.m; sourceTree = "<group>"; };
		01C43160180F29EC009C2B16 /* DetailViewController.h */ = {isa = PBXFileReference; lastKnownFileType = sourcecode.c.h; path = DetailViewController.h; sourceTree = "<group>"; };
		01C43161180F29EC009C2B16 /* DetailViewController.m */ = {isa = PBXFileReference; lastKnownFileType = sourcecode.c.objc; path = DetailViewController.m; sourceTree = "<group>"; };
		01C43163180F29EC009C2B16 /* Images.xcassets */ = {isa = PBXFileReference; lastKnownFileType = folder.assetcatalog; path = Images.xcassets; sourceTree = "<group>"; };
		01C43169180F29EC009C2B16 /* iDialjesusTests.xctest */ = {isa = PBXFileReference; explicitFileType = wrapper.cfbundle; includeInIndex = 0; path = iDialjesusTests.xctest; sourceTree = BUILT_PRODUCTS_DIR; };
		01C4316A180F29EC009C2B16 /* XCTest.framework */ = {isa = PBXFileReference; lastKnownFileType = wrapper.framework; name = XCTest.framework; path = Library/Frameworks/XCTest.framework; sourceTree = DEVELOPER_DIR; };
		01C43173180F29EC009C2B16 /* iDialjesusTests-Info.plist */ = {isa = PBXFileReference; lastKnownFileType = text.plist.xml; path = "iDialjesusTests-Info.plist"; sourceTree = "<group>"; };
		01C43175180F29EC009C2B16 /* en */ = {isa = PBXFileReference; lastKnownFileType = text.plist.strings; name = en; path = en.lproj/InfoPlist.strings; sourceTree = "<group>"; };
		01C43177180F29EC009C2B16 /* iDialjesusTests.m */ = {isa = PBXFileReference; lastKnownFileType = sourcecode.c.objc; path = iDialjesusTests.m; sourceTree = "<group>"; };
/* End PBXFileReference section */

/* Begin PBXFrameworksBuildPhase section */
		01C4313A180F29EC009C2B16 /* Frameworks */ = {
			isa = PBXFrameworksBuildPhase;
			buildActionMask = 2147483647;
			files = (
				01C43143180F29EC009C2B16 /* CoreGraphics.framework in Frameworks */,
				01C43147180F29EC009C2B16 /* CoreData.framework in Frameworks */,
				01C43145180F29EC009C2B16 /* UIKit.framework in Frameworks */,
				01C43141180F29EC009C2B16 /* Foundation.framework in Frameworks */,
			);
			runOnlyForDeploymentPostprocessing = 0;
		};
		01C43166180F29EC009C2B16 /* Frameworks */ = {
			isa = PBXFrameworksBuildPhase;
			buildActionMask = 2147483647;
			files = (
				01C4316B180F29EC009C2B16 /* XCTest.framework in Frameworks */,
				01C4316E180F29EC009C2B16 /* CoreData.framework in Frameworks */,
				01C4316D180F29EC009C2B16 /* UIKit.framework in Frameworks */,
				01C4316C180F29EC009C2B16 /* Foundation.framework in Frameworks */,
			);
			runOnlyForDeploymentPostprocessing = 0;
		};
/* End PBXFrameworksBuildPhase section */

/* Begin PBXGroup section */
		01C43134180F29EC009C2B16 = {
			isa = PBXGroup;
			children = (
				01C43148180F29EC009C2B16 /* iDialjesus */,
				01C43171180F29EC009C2B16 /* iDialjesusTests */,
				01C4313F180F29EC009C2B16 /* Frameworks */,
				01C4313E180F29EC009C2B16 /* Products */,
			);
			sourceTree = "<group>";
		};
		01C4313E180F29EC009C2B16 /* Products */ = {
			isa = PBXGroup;
			children = (
				01C4313D180F29EC009C2B16 /* iDialjesus.app */,
				01C43169180F29EC009C2B16 /* iDialjesusTests.xctest */,
			);
			name = Products;
			sourceTree = "<group>";
		};
		01C4313F180F29EC009C2B16 /* Frameworks */ = {
			isa = PBXGroup;
			children = (
				01C43140180F29EC009C2B16 /* Foundation.framework */,
				01C43142180F29EC009C2B16 /* CoreGraphics.framework */,
				01C43144180F29EC009C2B16 /* UIKit.framework */,
				01C43146180F29EC009C2B16 /* CoreData.framework */,
				01C4316A180F29EC009C2B16 /* XCTest.framework */,
			);
			name = Frameworks;
			sourceTree = "<group>";
		};
		01C43148180F29EC009C2B16 /* iDialjesus */ = {
			isa = PBXGroup;
			children = (
				01C43151180F29EC009C2B16 /* AppDelegate.h */,
				01C43152180F29EC009C2B16 /* AppDelegate.m */,
				01C43154180F29EC009C2B16 /* Main_iPhone.storyboard */,
				01C43157180F29EC009C2B16 /* Main_iPad.storyboard */,
				01C4315D180F29EC009C2B16 /* MasterViewController.h */,
				01C4315E180F29EC009C2B16 /* MasterViewController.m */,
				01C43160180F29EC009C2B16 /* DetailViewController.h */,
				01C43161180F29EC009C2B16 /* DetailViewController.m */,
				01C43163180F29EC009C2B16 /* Images.xcassets */,
				01C4315A180F29EC009C2B16 /* iDialjesus.xcdatamodeld */,
				01C43149180F29EC009C2B16 /* Supporting Files */,
			);
			path = iDialjesus;
			sourceTree = "<group>";
		};
		01C43149180F29EC009C2B16 /* Supporting Files */ = {
			isa = PBXGroup;
			children = (
				01C4314A180F29EC009C2B16 /* iDialjesus-Info.plist */,
				01C4314B180F29EC009C2B16 /* InfoPlist.strings */,
				01C4314E180F29EC009C2B16 /* main.m */,
				01C43150180F29EC009C2B16 /* iDialjesus-Prefix.pch */,
			);
			name = "Supporting Files";
			sourceTree = "<group>";
		};
		01C43171180F29EC009C2B16 /* iDialjesusTests */ = {
			isa = PBXGroup;
			children = (
				01C43177180F29EC009C2B16 /* iDialjesusTests.m */,
				01C43172180F29EC009C2B16 /* Supporting Files */,
			);
			path = iDialjesusTests;
			sourceTree = "<group>";
		};
		01C43172180F29EC009C2B16 /* Supporting Files */ = {
			isa = PBXGroup;
			children = (
				01C43173180F29EC009C2B16 /* iDialjesusTests-Info.plist */,
				01C43174180F29EC009C2B16 /* InfoPlist.strings */,
			);
			name = "Supporting Files";
			sourceTree = "<group>";
		};
/* End PBXGroup section */

/* Begin PBXNativeTarget section */
		01C4313C180F29EC009C2B16 /* iDialjesus */ = {
			isa = PBXNativeTarget;
			buildConfigurationList = 01C4317B180F29EC009C2B16 /* Build configuration list for PBXNativeTarget "iDialjesus" */;
			buildPhases = (
				01C43139180F29EC009C2B16 /* Sources */,
				01C4313A180F29EC009C2B16 /* Frameworks */,
				01C4313B180F29EC009C2B16 /* Resources */,
			);
			buildRules = (
			);
			dependencies = (
			);
			name = iDialjesus;
			productName = iDialjesus;
			productReference = 01C4313D180F29EC009C2B16 /* iDialjesus.app */;
			productType = "com.apple.product-type.application";
		};
		01C43168180F29EC009C2B16 /* iDialjesusTests */ = {
			isa = PBXNativeTarget;
			buildConfigurationList = 01C4317E180F29EC009C2B16 /* Build configuration list for PBXNativeTarget "iDialjesusTests" */;
			buildPhases = (
				01C43165180F29EC009C2B16 /* Sources */,
				01C43166180F29EC009C2B16 /* Frameworks */,
				01C43167180F29EC009C2B16 /* Resources */,
			);
			buildRules = (
			);
			dependencies = (
				01C43170180F29EC009C2B16 /* PBXTargetDependency */,
			);
			name = iDialjesusTests;
			productName = iDialjesusTests;
			productReference = 01C43169180F29EC009C2B16 /* iDialjesusTests.xctest */;
			productType = "com.apple.product-type.bundle.unit-test";
		};
/* End PBXNativeTarget section */

/* Begin PBXProject section */
		01C43135180F29EC009C2B16 /* Project object */ = {
			isa = PBXProject;
			attributes = {
				LastUpgradeCheck = 0500;
				ORGANIZATIONNAME = iDialJesus;
				TargetAttributes = {
					01C43168180F29EC009C2B16 = {
						TestTargetID = 01C4313C180F29EC009C2B16;
					};
				};
			};
			buildConfigurationList = 01C43138180F29EC009C2B16 /* Build configuration list for PBXProject "iDialjesus" */;
			compatibilityVersion = "Xcode 3.2";
			developmentRegion = English;
			hasScannedForEncodings = 0;
			knownRegions = (
				en,
				Base,
			);
			mainGroup = 01C43134180F29EC009C2B16;
			productRefGroup = 01C4313E180F29EC009C2B16 /* Products */;
			projectDirPath = "";
			projectRoot = "";
			targets = (
				01C4313C180F29EC009C2B16 /* iDialjesus */,
				01C43168180F29EC009C2B16 /* iDialjesusTests */,
			);
		};
/* End PBXProject section */

/* Begin PBXResourcesBuildPhase section */
		01C4313B180F29EC009C2B16 /* Resources */ = {
			isa = PBXResourcesBuildPhase;
			buildActionMask = 2147483647;
			files = (
				01C43159180F29EC009C2B16 /* Main_iPad.storyboard in Resources */,
				01C43164180F29EC009C2B16 /* Images.xcassets in Resources */,
				01C43156180F29EC009C2B16 /* Main_iPhone.storyboard in Resources */,
				01C4314D180F29EC009C2B16 /* InfoPlist.strings in Resources */,
			);
			runOnlyForDeploymentPostprocessing = 0;
		};
		01C43167180F29EC009C2B16 /* Resources */ = {
			isa = PBXResourcesBuildPhase;
			buildActionMask = 2147483647;
			files = (
				01C43176180F29EC009C2B16 /* InfoPlist.strings in Resources */,
			);
			runOnlyForDeploymentPostprocessing = 0;
		};
/* End PBXResourcesBuildPhase section */

/* Begin PBXSourcesBuildPhase section */
		01C43139180F29EC009C2B16 /* Sources */ = {
			isa = PBXSourcesBuildPhase;
			buildActionMask = 2147483647;
			files = (
				01C43162180F29EC009C2B16 /* DetailViewController.m in Sources */,
				01C4315F180F29EC009C2B16 /* MasterViewController.m in Sources */,
				01C4315C180F29EC009C2B16 /* iDialjesus.xcdatamodeld in Sources */,
				01C43153180F29EC009C2B16 /* AppDelegate.m in Sources */,
				01C4314F180F29EC009C2B16 /* main.m in Sources */,
			);
			runOnlyForDeploymentPostprocessing = 0;
		};
		01C43165180F29EC009C2B16 /* Sources */ = {
			isa = PBXSourcesBuildPhase;
			buildActionMask = 2147483647;
			files = (
				01C43178180F29EC009C2B16 /* iDialjesusTests.m in Sources */,
			);
			runOnlyForDeploymentPostprocessing = 0;
		};
/* End PBXSourcesBuildPhase section */

/* Begin PBXTargetDependency section */
		01C43170180F29EC009C2B16 /* PBXTargetDependency */ = {
			isa = PBXTargetDependency;
			target = 01C4313C180F29EC009C2B16 /* iDialjesus */;
			targetProxy = 01C4316F180F29EC009C2B16 /* PBXContainerItemProxy */;
		};
/* End PBXTargetDependency section */

/* Begin PBXVariantGroup section */
		01C4314B180F29EC009C2B16 /* InfoPlist.strings */ = {
			isa = PBXVariantGroup;
			children = (
				01C4314C180F29EC009C2B16 /* en */,
			);
			name = InfoPlist.strings;
			sourceTree = "<group>";
		};
		01C43154180F29EC009C2B16 /* Main_iPhone.storyboard */ = {
			isa = PBXVariantGroup;
			children = (
				01C43155180F29EC009C2B16 /* Base */,
			);
			name = Main_iPhone.storyboard;
			sourceTree = "<group>";
		};
		01C43157180F29EC009C2B16 /* Main_iPad.storyboard */ = {
			isa = PBXVariantGroup;
			children = (
				01C43158180F29EC009C2B16 /* Base */,
			);
			name = Main_iPad.storyboard;
			sourceTree = "<group>";
		};
		01C43174180F29EC009C2B16 /* InfoPlist.strings */ = {
			isa = PBXVariantGroup;
			children = (
				01C43175180F29EC009C2B16 /* en */,
			);
			name = InfoPlist.strings;
			sourceTree = "<group>";
		};
/* End PBXVariantGroup section */

/* Begin XCBuildConfiguration section */
		01C43179180F29EC009C2B16 /* Debug */ = {
			isa = XCBuildConfiguration;
			buildSettings = {
				ALWAYS_SEARCH_USER_PATHS = NO;
				ARCHS = "$(ARCHS_STANDARD_INCLUDING_64_BIT)";
				CLANG_CXX_LANGUAGE_STANDARD = "gnu++0x";
				CLANG_CXX_LIBRARY = "libc++";
				CLANG_ENABLE_MODULES = YES;
				CLANG_ENABLE_OBJC_ARC = YES;
				CLANG_WARN_BOOL_CONVERSION = YES;
				CLANG_WARN_CONSTANT_CONVERSION = YES;
				CLANG_WARN_DIRECT_OBJC_ISA_USAGE = YES_ERROR;
				CLANG_WARN_EMPTY_BODY = YES;
				CLANG_WARN_ENUM_CONVERSION = YES;
				CLANG_WARN_INT_CONVERSION = YES;
				CLANG_WARN_OBJC_ROOT_CLASS = YES_ERROR;
				CLANG_WARN__DUPLICATE_METHOD_MATCH = YES;
				"CODE_SIGN_IDENTITY[sdk=iphoneos*]" = "iPhone Developer";
				COPY_PHASE_STRIP = NO;
				GCC_C_LANGUAGE_STANDARD = gnu99;
				GCC_DYNAMIC_NO_PIC = NO;
				GCC_OPTIMIZATION_LEVEL = 0;
				GCC_PREPROCESSOR_DEFINITIONS = (
					"DEBUG=1",
					"$(inherited)",
				);
				GCC_SYMBOLS_PRIVATE_EXTERN = NO;
				GCC_WARN_64_TO_32_BIT_CONVERSION = YES;
				GCC_WARN_ABOUT_RETURN_TYPE = YES_ERROR;
				GCC_WARN_UNDECLARED_SELECTOR = YES;
				GCC_WARN_UNINITIALIZED_AUTOS = YES;
				GCC_WARN_UNUSED_FUNCTION = YES;
				GCC_WARN_UNUSED_VARIABLE = YES;
				IPHONEOS_DEPLOYMENT_TARGET = 7.0;
				ONLY_ACTIVE_ARCH = YES;
				SDKROOT = iphoneos;
				TARGETED_DEVICE_FAMILY = "1,2";
			};
			name = Debug;
		};
		01C4317A180F29EC009C2B16 /* Release */ = {
			isa = XCBuildConfiguration;
			buildSettings = {
				ALWAYS_SEARCH_USER_PATHS = NO;
				ARCHS = "$(ARCHS_STANDARD_INCLUDING_64_BIT)";
				CLANG_CXX_LANGUAGE_STANDARD = "gnu++0x";
				CLANG_CXX_LIBRARY = "libc++";
				CLANG_ENABLE_MODULES = YES;
				CLANG_ENABLE_OBJC_ARC = YES;
				CLANG_WARN_BOOL_CONVERSION = YES;
				CLANG_WARN_CONSTANT_CONVERSION = YES;
				CLANG_WARN_DIRECT_OBJC_ISA_USAGE = YES_ERROR;
				CLANG_WARN_EMPTY_BODY = YES;
				CLANG_WARN_ENUM_CONVERSION = YES;
				CLANG_WARN_INT_CONVERSION = YES;
				CLANG_WARN_OBJC_ROOT_CLASS = YES_ERROR;
				CLANG_WARN__DUPLICATE_METHOD_MATCH = YES;
				"CODE_SIGN_IDENTITY[sdk=iphoneos*]" = "iPhone Developer";
				COPY_PHASE_STRIP = YES;
				ENABLE_NS_ASSERTIONS = NO;
				GCC_C_LANGUAGE_STANDARD = gnu99;
				GCC_WARN_64_TO_32_BIT_CONVERSION = YES;
				GCC_WARN_ABOUT_RETURN_TYPE = YES_ERROR;
				GCC_WARN_UNDECLARED_SELECTOR = YES;
				GCC_WARN_UNINITIALIZED_AUTOS = YES;
				GCC_WARN_UNUSED_FUNCTION = YES;
				GCC_WARN_UNUSED_VARIABLE = YES;
				IPHONEOS_DEPLOYMENT_TARGET = 7.0;
				SDKROOT = iphoneos;
				TARGETED_DEVICE_FAMILY = "1,2";
				VALIDATE_PRODUCT = YES;
			};
			name = Release;
		};
		01C4317C180F29EC009C2B16 /* Debug */ = {
			isa = XCBuildConfiguration;
			buildSettings = {
				ASSETCATALOG_COMPILER_APPICON_NAME = AppIcon;
				ASSETCATALOG_COMPILER_LAUNCHIMAGE_NAME = LaunchImage;
				GCC_PRECOMPILE_PREFIX_HEADER = YES;
				GCC_PREFIX_HEADER = "iDialjesus/iDialjesus-Prefix.pch";
				INFOPLIST_FILE = "iDialjesus/iDialjesus-Info.plist";
				PRODUCT_NAME = "$(TARGET_NAME)";
				WRAPPER_EXTENSION = app;
			};
			name = Debug;
		};
		01C4317D180F29EC009C2B16 /* Release */ = {
			isa = XCBuildConfiguration;
			buildSettings = {
				ASSETCATALOG_COMPILER_APPICON_NAME = AppIcon;
				ASSETCATALOG_COMPILER_LAUNCHIMAGE_NAME = LaunchImage;
				GCC_PRECOMPILE_PREFIX_HEADER = YES;
				GCC_PREFIX_HEADER = "iDialjesus/iDialjesus-Prefix.pch";
				INFOPLIST_FILE = "iDialjesus/iDialjesus-Info.plist";
				PRODUCT_NAME = "$(TARGET_NAME)";
				WRAPPER_EXTENSION = app;
			};
			name = Release;
		};
		01C4317F180F29EC009C2B16 /* Debug */ = {
			isa = XCBuildConfiguration;
			buildSettings = {
				ARCHS = "$(ARCHS_STANDARD_INCLUDING_64_BIT)";
				BUNDLE_LOADER = "$(BUILT_PRODUCTS_DIR)/iDialjesus.app/iDialjesus";
				FRAMEWORK_SEARCH_PATHS = (
					"$(SDKROOT)/Developer/Library/Frameworks",
					"$(inherited)",
					"$(DEVELOPER_FRAMEWORKS_DIR)",
				);
				GCC_PRECOMPILE_PREFIX_HEADER = YES;
				GCC_PREFIX_HEADER = "iDialjesus/iDialjesus-Prefix.pch";
				GCC_PREPROCESSOR_DEFINITIONS = (
					"DEBUG=1",
					"$(inherited)",
				);
				INFOPLIST_FILE = "iDialjesusTests/iDialjesusTests-Info.plist";
				PRODUCT_NAME = "$(TARGET_NAME)";
				TEST_HOST = "$(BUNDLE_LOADER)";
				WRAPPER_EXTENSION = xctest;
			};
			name = Debug;
		};
		01C43180180F29EC009C2B16 /* Release */ = {
			isa = XCBuildConfiguration;
			buildSettings = {
				ARCHS = "$(ARCHS_STANDARD_INCLUDING_64_BIT)";
				BUNDLE_LOADER = "$(BUILT_PRODUCTS_DIR)/iDialjesus.app/iDialjesus";
				FRAMEWORK_SEARCH_PATHS = (
					"$(SDKROOT)/Developer/Library/Frameworks",
					"$(inherited)",
					"$(DEVELOPER_FRAMEWORKS_DIR)",
				);
				GCC_PRECOMPILE_PREFIX_HEADER = YES;
				GCC_PREFIX_HEADER = "iDialjesus/iDialjesus-Prefix.pch";
				INFOPLIST_FILE = "iDialjesusTests/iDialjesusTests-Info.plist";
				PRODUCT_NAME = "$(TARGET_NAME)";
				TEST_HOST = "$(BUNDLE_LOADER)";
				WRAPPER_EXTENSION = xctest;
			};
			name = Release;
		};
/* End XCBuildConfiguration section */

/* Begin XCConfigurationList section */
		01C43138180F29EC009C2B16 /* Build configuration list for PBXProject "iDialjesus" */ = {
			isa = XCConfigurationList;
			buildConfigurations = (
				01C43179180F29EC009C2B16 /* Debug */,
				01C4317A180F29EC009C2B16 /* Release */,
			);
			defaultConfigurationIsVisible = 0;
			defaultConfigurationName = Release;
		};
		01C4317B180F29EC009C2B16 /* Build configuration list for PBXNativeTarget "iDialjesus" */ = {
			isa = XCConfigurationList;
			buildConfigurations = (
				01C4317C180F29EC009C2B16 /* Debug */,
				01C4317D180F29EC009C2B16 /* Release */,
			);
			defaultConfigurationIsVisible = 0;
		};
		01C4317E180F29EC009C2B16 /* Build configuration list for PBXNativeTarget "iDialjesusTests" */ = {
			isa = XCConfigurationList;
			buildConfigurations = (
				01C4317F180F29EC009C2B16 /* Debug */,
				01C43180180F29EC009C2B16 /* Release */,
			);
			defaultConfigurationIsVisible = 0;
		};
/* End XCConfigurationList section */

/* Begin XCVersionGroup section */
		01C4315A180F29EC009C2B16 /* iDialjesus.xcdatamodeld */ = {
			isa = XCVersionGroup;
			children = (
				01C4315B180F29EC009C2B16 /* iDialjesus.xcdatamodel */,
			);
			currentVersion = 01C4315B180F29EC009C2B16 /* iDialjesus.xcdatamodel */;
			path = iDialjesus.xcdatamodeld;
			sourceTree = "<group>";
			versionGroupType = wrapper.xcdatamodel;
		};
/* End XCVersionGroup section */
	};
	rootObject = 01C43135180F29EC009C2B16 /* Project object */;
}
